
Microsoft Visual Studio Solution File, Format Version 12.00
# Visual Studio 15
VisualStudioVersion = 15.0.27130.2036
MinimumVisualStudioVersion = 10.0.40219.1
Project("{FAE04EC0-301F-11D3-BF4B-00C04F79EFBC}") = "Lab3PSW", "Lab3PSW\Lab3PSW.csproj", "{639AC2C7-6C54-4805-8F94-823D232D57F7}"
EndProject
Global
	GlobalSection(SolutionConfigurationPlatforms) = preSolution
		Debug|Any CPU = Debug|Any CPU
		Release|Any CPU = Release|Any CPU
	EndGlobalSection
	GlobalSection(ProjectConfigurationPlatforms) = postSolution
		{639AC2C7-6C54-4805-8F94-823D232D57F7}.Debug|Any CPU.ActiveCfg = Debug|Any CPU
		{639AC2C7-6C54-4805-8F94-823D232D57F7}.Debug|Any CPU.Build.0 = Debug|Any CPU
		{639AC2C7-6C54-4805-8F94-823D232D57F7}.Release|Any CPU.ActiveCfg = Release|Any CPU
		{639AC2C7-6C54-4805-8F94-823D232D57F7}.Release|Any CPU.Build.0 = Release|Any CPU
	EndGlobalSection
	GlobalSection(SolutionProperties) = preSolution
		HideSolutionNode = FALSE
	EndGlobalSection
	GlobalSection(ExtensibilityGlobals) = postSolution
		SolutionGuid = {4E273779-0B50-4173-88CE-620884CC98B9}
	EndGlobalSection
EndGlobal
